{
  "name": "frogbot-demo-app",
  "version": "1.0.0",
  "lockfileVersion": 3,
  "requires": true,
  "packages": {
    "": {
      "name": "frogbot-demo-app",
      "version": "1.0.0",
      "license": "MIT",
      "dependencies": {
        "express": "^4.21.2",
        "handlebars": "4.5.2",
        "lodash": "4.17.15",
        "minimist": "1.2.0",
        "moment": "2.19.3"
      }
    },
    "node_modules/express": { "version": "4.21.2" },
    "node_modules/handlebars": {
      "version": "4.5.2",
      "dependencies": { "neo-async": "^2.6.0", "optimist": "^0.6.1", "source-map": "^0.6.1" }
    },
    "node_modules/lodash": { "version": "4.17.15" },
    "node_modules/minimist": { "version": "1.2.0" },
    "node_modules/moment": { "version": "2.19.3" },
    "node_modules/neo-async": { "version": "2.6.2" },
    "node_modules/optimist": { "version": "0.6.1", "dependencies": { "minimist": "~0.0.1", "wordwrap": "~0.0.2" } },
    "node_modules/source-map": { "version": "0.6.1" },
    "node_modules/wordwrap": { "version": "0.0.3" }
  }
}
